
Microsoft Visual Studio Solution File, Format Version 12.00
# Visual Studio Version 16
VisualStudioVersion = 16.0.30225.117
MinimumVisualStudioVersion = 10.0.40219.1
Project("{FAE04EC0-301F-11D3-BF4B-00C04F79EFBC}") = "SumWebApp", "SumWebApp\SumWebApp.csproj", "{A25686ED-3225-4ADC-A9E8-12995E9DE504}"
EndProject
Global
	GlobalSection(SolutionConfigurationPlatforms) = preSolution
		Debug|Any CPU = Debug|Any CPU
		Release|Any CPU = Release|Any CPU
	EndGlobalSection
	GlobalSection(ProjectConfigurationPlatforms) = postSolution
		{A25686ED-3225-4ADC-A9E8-12995E9DE504}.Debug|Any CPU.ActiveCfg = Debug|Any CPU
		{A25686ED-3225-4ADC-A9E8-12995E9DE504}.Debug|Any CPU.Build.0 = Debug|Any CPU
		{A25686ED-3225-4ADC-A9E8-12995E9DE504}.Release|Any CPU.ActiveCfg = Release|Any CPU
		{A25686ED-3225-4ADC-A9E8-12995E9DE504}.Release|Any CPU.Build.0 = Release|Any CPU
	EndGlobalSection
	GlobalSection(SolutionProperties) = preSolution
		HideSolutionNode = FALSE
	EndGlobalSection
	GlobalSection(ExtensibilityGlobals) = postSolution
		SolutionGuid = {18B29748-3A53-4CB9-B3E5-987AE89FDAE3}
	EndGlobalSection
EndGlobal
