
Microsoft Visual Studio Solution File, Format Version 12.00
# Visual Studio Version 16
VisualStudioVersion = 16.0.30225.117
MinimumVisualStudioVersion = 10.0.40219.1
Project("{FAE04EC0-301F-11D3-BF4B-00C04F79EFBC}") = "task4", "task4\task4.csproj", "{03DDAAAD-56D6-4F66-B356-0FAA4053D9A3}"
EndProject
Global
	GlobalSection(SolutionConfigurationPlatforms) = preSolution
		Debug|Any CPU = Debug|Any CPU
		Release|Any CPU = Release|Any CPU
	EndGlobalSection
	GlobalSection(ProjectConfigurationPlatforms) = postSolution
		{03DDAAAD-56D6-4F66-B356-0FAA4053D9A3}.Debug|Any CPU.ActiveCfg = Debug|Any CPU
		{03DDAAAD-56D6-4F66-B356-0FAA4053D9A3}.Debug|Any CPU.Build.0 = Debug|Any CPU
		{03DDAAAD-56D6-4F66-B356-0FAA4053D9A3}.Release|Any CPU.ActiveCfg = Release|Any CPU
		{03DDAAAD-56D6-4F66-B356-0FAA4053D9A3}.Release|Any CPU.Build.0 = Release|Any CPU
	EndGlobalSection
	GlobalSection(SolutionProperties) = preSolution
		HideSolutionNode = FALSE
	EndGlobalSection
	GlobalSection(ExtensibilityGlobals) = postSolution
		SolutionGuid = {032E4AD9-E259-4EA2-8402-F30DCD59E828}
	EndGlobalSection
EndGlobal
